
Microsoft Visual Studio Solution File, Format Version 12.00
# Visual Studio Version 17
VisualStudioVersion = 17.14.36414.22
MinimumVisualStudioVersion = 10.0.40219.1
Project("{FAE04EC0-301F-11D3-BF4B-00C04F79EFBC}") = "AlexLeeTakeHomeConsole", "AlexLeeTakeHomeConsole\AlexLeeTakeHomeConsole.csproj", "{CBBA8E52-159E-4EF5-BFE9-BA424643659C}"
EndProject
Project("{FAE04EC0-301F-11D3-BF4B-00C04F79EFBC}") = "Tests", "Tests\Tests.csproj", "{DAAD76F8-90FE-476E-8074-AADE6EF35CFC}"
EndProject
Project("{FAE04EC0-301F-11D3-BF4B-00C04F79EFBC}") = "AlexLeeTakeHomeWeb", "AlexLeeTakeHomeWeb\AlexLeeTakeHomeWeb.csproj", "{CFC0BC1E-A8A8-4F57-AAA5-834D5DB05A4D}"
EndProject
Project("{FAE04EC0-301F-11D3-BF4B-00C04F79EFBC}") = "AlexLeeTakeHomeCore", "AlexLeeTakeHomeCore\AlexLeeTakeHomeCore.csproj", "{DB4E66D6-8C30-4EDA-8624-9D5A6055A384}"
EndProject
Project("{2150E333-8FDC-42A3-9474-1A3956D46DE8}") = "Solution Items", "Solution Items", "{02EA681E-C7D8-13C7-8484-4AC65E1B71E8}"
	ProjectSection(SolutionItems) = preProject
		.editorconfig = .editorconfig
	EndProjectSection
EndProject
Global
	GlobalSection(SolutionConfigurationPlatforms) = preSolution
		Debug|Any CPU = Debug|Any CPU
		Release|Any CPU = Release|Any CPU
	EndGlobalSection
	GlobalSection(ProjectConfigurationPlatforms) = postSolution
		{CBBA8E52-159E-4EF5-BFE9-BA424643659C}.Debug|Any CPU.ActiveCfg = Debug|Any CPU
		{CBBA8E52-159E-4EF5-BFE9-BA424643659C}.Debug|Any CPU.Build.0 = Debug|Any CPU
		{CBBA8E52-159E-4EF5-BFE9-BA424643659C}.Release|Any CPU.ActiveCfg = Release|Any CPU
		{CBBA8E52-159E-4EF5-BFE9-BA424643659C}.Release|Any CPU.Build.0 = Release|Any CPU
		{DAAD76F8-90FE-476E-8074-AADE6EF35CFC}.Debug|Any CPU.ActiveCfg = Debug|Any CPU
		{DAAD76F8-90FE-476E-8074-AADE6EF35CFC}.Debug|Any CPU.Build.0 = Debug|Any CPU
		{DAAD76F8-90FE-476E-8074-AADE6EF35CFC}.Release|Any CPU.ActiveCfg = Release|Any CPU
		{DAAD76F8-90FE-476E-8074-AADE6EF35CFC}.Release|Any CPU.Build.0 = Release|Any CPU
		{CFC0BC1E-A8A8-4F57-AAA5-834D5DB05A4D}.Debug|Any CPU.ActiveCfg = Debug|Any CPU
		{CFC0BC1E-A8A8-4F57-AAA5-834D5DB05A4D}.Debug|Any CPU.Build.0 = Debug|Any CPU
		{CFC0BC1E-A8A8-4F57-AAA5-834D5DB05A4D}.Release|Any CPU.ActiveCfg = Release|Any CPU
		{CFC0BC1E-A8A8-4F57-AAA5-834D5DB05A4D}.Release|Any CPU.Build.0 = Release|Any CPU
		{DB4E66D6-8C30-4EDA-8624-9D5A6055A384}.Debug|Any CPU.ActiveCfg = Debug|Any CPU
		{DB4E66D6-8C30-4EDA-8624-9D5A6055A384}.Debug|Any CPU.Build.0 = Debug|Any CPU
		{DB4E66D6-8C30-4EDA-8624-9D5A6055A384}.Release|Any CPU.ActiveCfg = Release|Any CPU
		{DB4E66D6-8C30-4EDA-8624-9D5A6055A384}.Release|Any CPU.Build.0 = Release|Any CPU
	EndGlobalSection
	GlobalSection(SolutionProperties) = preSolution
		HideSolutionNode = FALSE
	EndGlobalSection
	GlobalSection(ExtensibilityGlobals) = postSolution
		SolutionGuid = {10696B5F-49B4-4C8E-9704-ADDDEADE96E9}
	EndGlobalSection
EndGlobal
